// !$*UTF8*$!
{
	archiveVersion = 1;
	classes = {
	};
	objectVersion = 50;
	objects = {

/* Begin PBXBuildFile section */
		1D549CF5273EA87D00E884AA /* AppDelegate.swift in Sources */ = {isa = PBXBuildFile; fileRef = 1D549CF4273EA87D00E884AA /* AppDelegate.swift */; };
		1D549CF7273EA87D00E884AA /* SceneDelegate.swift in Sources */ = {isa = PBXBuildFile; fileRef = 1D549CF6273EA87D00E884AA /* SceneDelegate.swift */; };
		1D549CFE273EA87F00E884AA /* Assets.xcassets in Resources */ = {isa = PBXBuildFile; fileRef = 1D549CFD273EA87F00E884AA /* Assets.xcassets */; };
		1D549D01273EA87F00E884AA /* LaunchScreen.storyboard in Resources */ = {isa = PBXBuildFile; fileRef = 1D549CFF273EA87F00E884AA /* LaunchScreen.storyboard */; };
		1D549D0C273EA87F00E884AA /* ClassifiedsTests.swift in Sources */ = {isa = PBXBuildFile; fileRef = 1D549D0B273EA87F00E884AA /* ClassifiedsTests.swift */; };
		1D549D25273EAD2900E884AA /* ClassifiedsViewController.swift in Sources */ = {isa = PBXBuildFile; fileRef = 1D549D24273EAD2900E884AA /* ClassifiedsViewController.swift */; };
		1D549D29273EC85000E884AA /* ClassifiedListCell.swift in Sources */ = {isa = PBXBuildFile; fileRef = 1D549D27273EC85000E884AA /* ClassifiedListCell.swift */; };
		1D549D2A273EC85000E884AA /* ClassifiedListCell.xib in Resources */ = {isa = PBXBuildFile; fileRef = 1D549D28273EC85000E884AA /* ClassifiedListCell.xib */; };
		1D549D35273EFBF000E884AA /* quicksand.ttf in Resources */ = {isa = PBXBuildFile; fileRef = 1D549D34273EFBF000E884AA /* quicksand.ttf */; };
		1D549D38273EFC7700E884AA /* CFont.swift in Sources */ = {isa = PBXBuildFile; fileRef = 1D549D37273EFC7700E884AA /* CFont.swift */; };
		1D549D3E273EFE6F00E884AA /* UIColor-Extension.swift in Sources */ = {isa = PBXBuildFile; fileRef = 1D549D3D273EFE6F00E884AA /* UIColor-Extension.swift */; };
		1D549D40273EFEB100E884AA /* Color.xcassets in Resources */ = {isa = PBXBuildFile; fileRef = 1D549D3F273EFEB100E884AA /* Color.xcassets */; };
		1D549D42273F039C00E884AA /* UIViewExtensions.swift in Sources */ = {isa = PBXBuildFile; fileRef = 1D549D41273F039C00E884AA /* UIViewExtensions.swift */; };
		1D549D4C273F172F00E884AA /* DetailViewController.m in Sources */ = {isa = PBXBuildFile; fileRef = 1D549D4B273F172F00E884AA /* DetailViewController.m */; };
		1D549D51273F182700E884AA /* Detail.storyboard in Resources */ = {isa = PBXBuildFile; fileRef = 1D549D50273F182700E884AA /* Detail.storyboard */; };
		1D549D5E273F820500E884AA /* DetailViewModel.m in Sources */ = {isa = PBXBuildFile; fileRef = 1D549D5D273F820500E884AA /* DetailViewModel.m */; };
		1D549D60273F91F400E884AA /* UIImageView-Extension.swift in Sources */ = {isa = PBXBuildFile; fileRef = 1D549D5F273F91F400E884AA /* UIImageView-Extension.swift */; };
		1D549D6F273F934C00E884AA /* ImageCacher.framework in Frameworks */ = {isa = PBXBuildFile; fileRef = 1D549D66273F934B00E884AA /* ImageCacher.framework */; };
		1D549D76273F934C00E884AA /* ImageCacherTests.swift in Sources */ = {isa = PBXBuildFile; fileRef = 1D549D75273F934C00E884AA /* ImageCacherTests.swift */; };
		1D549D78273F934C00E884AA /* ImageCacher.h in Headers */ = {isa = PBXBuildFile; fileRef = 1D549D68273F934B00E884AA /* ImageCacher.h */; settings = {ATTRIBUTES = (Public, ); }; };
		1D549D7B273F934C00E884AA /* ImageCacher.framework in Frameworks */ = {isa = PBXBuildFile; fileRef = 1D549D66273F934B00E884AA /* ImageCacher.framework */; };
		1D549D7C273F934C00E884AA /* ImageCacher.framework in Embed Frameworks */ = {isa = PBXBuildFile; fileRef = 1D549D66273F934B00E884AA /* ImageCacher.framework */; settings = {ATTRIBUTES = (CodeSignOnCopy, RemoveHeadersOnCopy, ); }; };
		1D549D87273F93D100E884AA /* UIImageView+ImageCache.swift in Sources */ = {isa = PBXBuildFile; fileRef = 1D549D86273F93D100E884AA /* UIImageView+ImageCache.swift */; };
		1D79D25D273FB9C400EFB3D9 /* Localizable.strings in Resources */ = {isa = PBXBuildFile; fileRef = 1D79D25F273FB9C400EFB3D9 /* Localizable.strings */; };
		1D79D271273FD74500EFB3D9 /* Classified.swift in Sources */ = {isa = PBXBuildFile; fileRef = 1D79D270273FD74500EFB3D9 /* Classified.swift */; };
		1D79D273273FD8D600EFB3D9 /* ClassifiedsViewModel.swift in Sources */ = {isa = PBXBuildFile; fileRef = 1D79D272273FD8D600EFB3D9 /* ClassifiedsViewModel.swift */; };
		1D79D276273FE25A00EFB3D9 /* String-Extension.swift in Sources */ = {isa = PBXBuildFile; fileRef = 1D79D275273FE25A00EFB3D9 /* String-Extension.swift */; };
		1D79D27F273FFFE900EFB3D9 /* ClassifiedsLoaderProtocol.swift in Sources */ = {isa = PBXBuildFile; fileRef = 1D79D27E273FFFE900EFB3D9 /* ClassifiedsLoaderProtocol.swift */; };
		1D79D281274000C600EFB3D9 /* Result.swift in Sources */ = {isa = PBXBuildFile; fileRef = 1D79D280274000C600EFB3D9 /* Result.swift */; };
		1D79D283274000E800EFB3D9 /* ClassifiedsLoader.swift in Sources */ = {isa = PBXBuildFile; fileRef = 1D79D282274000E800EFB3D9 /* ClassifiedsLoader.swift */; };
		1D79D2862740069A00EFB3D9 /* APIServiceProtocol.swift in Sources */ = {isa = PBXBuildFile; fileRef = 1D79D2852740069A00EFB3D9 /* APIServiceProtocol.swift */; };
		1D79D288274006AC00EFB3D9 /* ServiceManager.swift in Sources */ = {isa = PBXBuildFile; fileRef = 1D79D287274006AC00EFB3D9 /* ServiceManager.swift */; };
		1D79D28B2740101100EFB3D9 /* ClassifiedsAPIResponse.swift in Sources */ = {isa = PBXBuildFile; fileRef = 1D79D28A2740101100EFB3D9 /* ClassifiedsAPIResponse.swift */; };
		1D79D28D27403A9E00EFB3D9 /* ClassifiedViewControllerTests.swift in Sources */ = {isa = PBXBuildFile; fileRef = 1D79D28C27403A9E00EFB3D9 /* ClassifiedViewControllerTests.swift */; };
/* End PBXBuildFile section */

/* Begin PBXContainerItemProxy section */
		1D549D08273EA87F00E884AA /* PBXContainerItemProxy */ = {
			isa = PBXContainerItemProxy;
			containerPortal = 1D549CE9273EA87D00E884AA /* Project object */;
			proxyType = 1;
			remoteGlobalIDString = 1D549CF0273EA87D00E884AA;
			remoteInfo = Classifieds;
		};
		1D549D70273F934C00E884AA /* PBXContainerItemProxy */ = {
			isa = PBXContainerItemProxy;
			containerPortal = 1D549CE9273EA87D00E884AA /* Project object */;
			proxyType = 1;
			remoteGlobalIDString = 1D549D65273F934B00E884AA;
			remoteInfo = ImageCacher;
		};
		1D549D72273F934C00E884AA /* PBXContainerItemProxy */ = {
			isa = PBXContainerItemProxy;
			containerPortal = 1D549CE9273EA87D00E884AA /* Project object */;
			proxyType = 1;
			remoteGlobalIDString = 1D549CF0273EA87D00E884AA;
			remoteInfo = Classifieds;
		};
		1D549D79273F934C00E884AA /* PBXContainerItemProxy */ = {
			isa = PBXContainerItemProxy;
			containerPortal = 1D549CE9273EA87D00E884AA /* Project object */;
			proxyType = 1;
			remoteGlobalIDString = 1D549D65273F934B00E884AA;
			remoteInfo = ImageCacher;
		};
/* End PBXContainerItemProxy section */

/* Begin PBXCopyFilesBuildPhase section */
		1D549D80273F934C00E884AA /* Embed Frameworks */ = {
			isa = PBXCopyFilesBuildPhase;
			buildActionMask = 2147483647;
			dstPath = "";
			dstSubfolderSpec = 10;
			files = (
				1D549D7C273F934C00E884AA /* ImageCacher.framework in Embed Frameworks */,
			);
			name = "Embed Frameworks";
			runOnlyForDeploymentPostprocessing = 0;
		};
/* End PBXCopyFilesBuildPhase section */

/* Begin PBXFileReference section */
		1D549CF1273EA87D00E884AA /* Classifieds.app */ = {isa = PBXFileReference; explicitFileType = wrapper.application; includeInIndex = 0; path = Classifieds.app; sourceTree = BUILT_PRODUCTS_DIR; };
		1D549CF4273EA87D00E884AA /* AppDelegate.swift */ = {isa = PBXFileReference; lastKnownFileType = sourcecode.swift; path = AppDelegate.swift; sourceTree = "<group>"; };
		1D549CF6273EA87D00E884AA /* SceneDelegate.swift */ = {isa = PBXFileReference; lastKnownFileType = sourcecode.swift; path = SceneDelegate.swift; sourceTree = "<group>"; };
		1D549CFD273EA87F00E884AA /* Assets.xcassets */ = {isa = PBXFileReference; lastKnownFileType = folder.assetcatalog; path = Assets.xcassets; sourceTree = "<group>"; };
		1D549D00273EA87F00E884AA /* Base */ = {isa = PBXFileReference; lastKnownFileType = file.storyboard; name = Base; path = Base.lproj/LaunchScreen.storyboard; sourceTree = "<group>"; };
		1D549D02273EA87F00E884AA /* Info.plist */ = {isa = PBXFileReference; lastKnownFileType = text.plist.xml; path = Info.plist; sourceTree = "<group>"; };
		1D549D07273EA87F00E884AA /* ClassifiedsTests.xctest */ = {isa = PBXFileReference; explicitFileType = wrapper.cfbundle; includeInIndex = 0; path = ClassifiedsTests.xctest; sourceTree = BUILT_PRODUCTS_DIR; };
		1D549D0B273EA87F00E884AA /* ClassifiedsTests.swift */ = {isa = PBXFileReference; lastKnownFileType = sourcecode.swift; path = ClassifiedsTests.swift; sourceTree = "<group>"; };
		1D549D0D273EA87F00E884AA /* Info.plist */ = {isa = PBXFileReference; lastKnownFileType = text.plist.xml; path = Info.plist; sourceTree = "<group>"; };
		1D549D24273EAD2900E884AA /* ClassifiedsViewController.swift */ = {isa = PBXFileReference; lastKnownFileType = sourcecode.swift; path = ClassifiedsViewController.swift; sourceTree = "<group>"; };
		1D549D27273EC85000E884AA /* ClassifiedListCell.swift */ = {isa = PBXFileReference; lastKnownFileType = sourcecode.swift; path = ClassifiedListCell.swift; sourceTree = "<group>"; };
		1D549D28273EC85000E884AA /* ClassifiedListCell.xib */ = {isa = PBXFileReference; lastKnownFileType = file.xib; path = ClassifiedListCell.xib; sourceTree = "<group>"; };
		1D549D34273EFBF000E884AA /* quicksand.ttf */ = {isa = PBXFileReference; lastKnownFileType = file; path = quicksand.ttf; sourceTree = "<group>"; };
		1D549D37273EFC7700E884AA /* CFont.swift */ = {isa = PBXFileReference; lastKnownFileType = sourcecode.swift; path = CFont.swift; sourceTree = "<group>"; };
		1D549D3D273EFE6F00E884AA /* UIColor-Extension.swift */ = {isa = PBXFileReference; lastKnownFileType = sourcecode.swift; path = "UIColor-Extension.swift"; sourceTree = "<group>"; };
		1D549D3F273EFEB100E884AA /* Color.xcassets */ = {isa = PBXFileReference; lastKnownFileType = folder.assetcatalog; path = Color.xcassets; sourceTree = "<group>"; };
		1D549D41273F039C00E884AA /* UIViewExtensions.swift */ = {isa = PBXFileReference; lastKnownFileType = sourcecode.swift; path = UIViewExtensions.swift; sourceTree = "<group>"; };
		1D549D49273F172F00E884AA /* Classifieds-Bridging-Header.h */ = {isa = PBXFileReference; lastKnownFileType = sourcecode.c.h; path = "Classifieds-Bridging-Header.h"; sourceTree = "<group>"; };
		1D549D4A273F172F00E884AA /* DetailViewController.h */ = {isa = PBXFileReference; lastKnownFileType = sourcecode.c.h; path = DetailViewController.h; sourceTree = "<group>"; };
		1D549D4B273F172F00E884AA /* DetailViewController.m */ = {isa = PBXFileReference; lastKnownFileType = sourcecode.c.objc; path = DetailViewController.m; sourceTree = "<group>"; };
		1D549D50273F182700E884AA /* Detail.storyboard */ = {isa = PBXFileReference; lastKnownFileType = file.storyboard; path = Detail.storyboard; sourceTree = "<group>"; };
		1D549D5C273F820500E884AA /* DetailViewModel.h */ = {isa = PBXFileReference; lastKnownFileType = sourcecode.c.h; path = DetailViewModel.h; sourceTree = "<group>"; };
		1D549D5D273F820500E884AA /* DetailViewModel.m */ = {isa = PBXFileReference; lastKnownFileType = sourcecode.c.objc; path = DetailViewModel.m; sourceTree = "<group>"; };
		1D549D5F273F91F400E884AA /* UIImageView-Extension.swift */ = {isa = PBXFileReference; lastKnownFileType = sourcecode.swift; path = "UIImageView-Extension.swift"; sourceTree = "<group>"; };
		1D549D66273F934B00E884AA /* ImageCacher.framework */ = {isa = PBXFileReference; explicitFileType = wrapper.framework; includeInIndex = 0; path = ImageCacher.framework; sourceTree = BUILT_PRODUCTS_DIR; };
		1D549D68273F934B00E884AA /* ImageCacher.h */ = {isa = PBXFileReference; lastKnownFileType = sourcecode.c.h; path = ImageCacher.h; sourceTree = "<group>"; };
		1D549D69273F934B00E884AA /* Info.plist */ = {isa = PBXFileReference; lastKnownFileType = text.plist.xml; path = Info.plist; sourceTree = "<group>"; };
		1D549D6E273F934C00E884AA /* ImageCacherTests.xctest */ = {isa = PBXFileReference; explicitFileType = wrapper.cfbundle; includeInIndex = 0; path = ImageCacherTests.xctest; sourceTree = BUILT_PRODUCTS_DIR; };
		1D549D75273F934C00E884AA /* ImageCacherTests.swift */ = {isa = PBXFileReference; lastKnownFileType = sourcecode.swift; path = ImageCacherTests.swift; sourceTree = "<group>"; };
		1D549D77273F934C00E884AA /* Info.plist */ = {isa = PBXFileReference; lastKnownFileType = text.plist.xml; path = Info.plist; sourceTree = "<group>"; };
		1D549D86273F93D100E884AA /* UIImageView+ImageCache.swift */ = {isa = PBXFileReference; lastKnownFileType = sourcecode.swift; path = "UIImageView+ImageCache.swift"; sourceTree = "<group>"; };
		1D79D25E273FB9C400EFB3D9 /* en */ = {isa = PBXFileReference; lastKnownFileType = text.plist.strings; name = en; path = en.lproj/Localizable.strings; sourceTree = "<group>"; };
		1D79D260273FB9D400EFB3D9 /* ar */ = {isa = PBXFileReference; lastKnownFileType = text.plist.strings; name = ar; path = ar.lproj/Localizable.strings; sourceTree = "<group>"; };
		1D79D270273FD74500EFB3D9 /* Classified.swift */ = {isa = PBXFileReference; lastKnownFileType = sourcecode.swift; path = Classified.swift; sourceTree = "<group>"; };
		1D79D272273FD8D600EFB3D9 /* ClassifiedsViewModel.swift */ = {isa = PBXFileReference; lastKnownFileType = sourcecode.swift; path = ClassifiedsViewModel.swift; sourceTree = "<group>"; };
		1D79D275273FE25A00EFB3D9 /* String-Extension.swift */ = {isa = PBXFileReference; lastKnownFileType = sourcecode.swift; path = "String-Extension.swift"; sourceTree = "<group>"; };
		1D79D27E273FFFE900EFB3D9 /* ClassifiedsLoaderProtocol.swift */ = {isa = PBXFileReference; lastKnownFileType = sourcecode.swift; path = ClassifiedsLoaderProtocol.swift; sourceTree = "<group>"; };
		1D79D280274000C600EFB3D9 /* Result.swift */ = {isa = PBXFileReference; lastKnownFileType = sourcecode.swift; path = Result.swift; sourceTree = "<group>"; };
		1D79D282274000E800EFB3D9 /* ClassifiedsLoader.swift */ = {isa = PBXFileReference; lastKnownFileType = sourcecode.swift; path = ClassifiedsLoader.swift; sourceTree = "<group>"; };
		1D79D2852740069A00EFB3D9 /* APIServiceProtocol.swift */ = {isa = PBXFileReference; lastKnownFileType = sourcecode.swift; path = APIServiceProtocol.swift; sourceTree = "<group>"; };
		1D79D287274006AC00EFB3D9 /* ServiceManager.swift */ = {isa = PBXFileReference; lastKnownFileType = sourcecode.swift; path = ServiceManager.swift; sourceTree = "<group>"; };
		1D79D28A2740101100EFB3D9 /* ClassifiedsAPIResponse.swift */ = {isa = PBXFileReference; lastKnownFileType = sourcecode.swift; path = ClassifiedsAPIResponse.swift; sourceTree = "<group>"; };
		1D79D28C27403A9E00EFB3D9 /* ClassifiedViewControllerTests.swift */ = {isa = PBXFileReference; lastKnownFileType = sourcecode.swift; path = ClassifiedViewControllerTests.swift; sourceTree = "<group>"; };
/* End PBXFileReference section */

/* Begin PBXFrameworksBuildPhase section */
		1D549CEE273EA87D00E884AA /* Frameworks */ = {
			isa = PBXFrameworksBuildPhase;
			buildActionMask = 2147483647;
			files = (
				1D549D7B273F934C00E884AA /* ImageCacher.framework in Frameworks */,
			);
			runOnlyForDeploymentPostprocessing = 0;
		};
		1D549D04273EA87F00E884AA /* Frameworks */ = {
			isa = PBXFrameworksBuildPhase;
			buildActionMask = 2147483647;
			files = (
			);
			runOnlyForDeploymentPostprocessing = 0;
		};
		1D549D63273F934B00E884AA /* Frameworks */ = {
			isa = PBXFrameworksBuildPhase;
			buildActionMask = 2147483647;
			files = (
			);
			runOnlyForDeploymentPostprocessing = 0;
		};
		1D549D6B273F934C00E884AA /* Frameworks */ = {
			isa = PBXFrameworksBuildPhase;
			buildActionMask = 2147483647;
			files = (
				1D549D6F273F934C00E884AA /* ImageCacher.framework in Frameworks */,
			);
			runOnlyForDeploymentPostprocessing = 0;
		};
/* End PBXFrameworksBuildPhase section */

/* Begin PBXGroup section */
		1D549CE8273EA87D00E884AA = {
			isa = PBXGroup;
			children = (
				1D549CF3273EA87D00E884AA /* Classifieds */,
				1D549D0A273EA87F00E884AA /* ClassifiedsTests */,
				1D549D67273F934B00E884AA /* ImageCacher */,
				1D549D74273F934C00E884AA /* ImageCacherTests */,
				1D549CF2273EA87D00E884AA /* Products */,
			);
			sourceTree = "<group>";
		};
		1D549CF2273EA87D00E884AA /* Products */ = {
			isa = PBXGroup;
			children = (
				1D549CF1273EA87D00E884AA /* Classifieds.app */,
				1D549D07273EA87F00E884AA /* ClassifiedsTests.xctest */,
				1D549D66273F934B00E884AA /* ImageCacher.framework */,
				1D549D6E273F934C00E884AA /* ImageCacherTests.xctest */,
			);
			name = Products;
			sourceTree = "<group>";
		};
		1D549CF3273EA87D00E884AA /* Classifieds */ = {
			isa = PBXGroup;
			children = (
				1D549CF4273EA87D00E884AA /* AppDelegate.swift */,
				1D549CF6273EA87D00E884AA /* SceneDelegate.swift */,
				1D79D28927400FFF00EFB3D9 /* APIResponses */,
				1D79D2842740068C00EFB3D9 /* ServiceManager */,
				1D79D27D273FFFD900EFB3D9 /* Loader */,
				1D549D39273EFE4500E884AA /* Extensions */,
				1D79D26F273FD73200EFB3D9 /* Model */,
				1D549D26273EC82000E884AA /* View */,
				1D549D52273F7D4E00E884AA /* ViewModel */,
				1D549D2D273EF9C000E884AA /* Font */,
				1D79D25A273FB99800EFB3D9 /* Supporting Files */,
			);
			path = Classifieds;
			sourceTree = "<group>";
		};
		1D549D0A273EA87F00E884AA /* ClassifiedsTests */ = {
			isa = PBXGroup;
			children = (
				1D549D0B273EA87F00E884AA /* ClassifiedsTests.swift */,
				1D79D28C27403A9E00EFB3D9 /* ClassifiedViewControllerTests.swift */,
				1D549D0D273EA87F00E884AA /* Info.plist */,
			);
			path = ClassifiedsTests;
			sourceTree = "<group>";
		};
		1D549D26273EC82000E884AA /* View */ = {
			isa = PBXGroup;
			children = (
				1D549CFF273EA87F00E884AA /* LaunchScreen.storyboard */,
				1D549D4D273F180600E884AA /* StoryBoard */,
				1D549D2B273EF97000E884AA /* Cell */,
				1D549D24273EAD2900E884AA /* ClassifiedsViewController.swift */,
				1D549D4A273F172F00E884AA /* DetailViewController.h */,
				1D549D4B273F172F00E884AA /* DetailViewController.m */,
			);
			path = View;
			sourceTree = "<group>";
		};
		1D549D2B273EF97000E884AA /* Cell */ = {
			isa = PBXGroup;
			children = (
				1D549D27273EC85000E884AA /* ClassifiedListCell.swift */,
				1D549D28273EC85000E884AA /* ClassifiedListCell.xib */,
			);
			path = Cell;
			sourceTree = "<group>";
		};
		1D549D2D273EF9C000E884AA /* Font */ = {
			isa = PBXGroup;
			children = (
				1D549D34273EFBF000E884AA /* quicksand.ttf */,
				1D549D37273EFC7700E884AA /* CFont.swift */,
			);
			path = Font;
			sourceTree = "<group>";
		};
		1D549D39273EFE4500E884AA /* Extensions */ = {
			isa = PBXGroup;
			children = (
				1D79D274273FE24700EFB3D9 /* FoundationExtension */,
				1D549D3C273EFE5D00E884AA /* UIKitExtension */,
			);
			path = Extensions;
			sourceTree = "<group>";
		};
		1D549D3C273EFE5D00E884AA /* UIKitExtension */ = {
			isa = PBXGroup;
			children = (
				1D549D3D273EFE6F00E884AA /* UIColor-Extension.swift */,
				1D549D41273F039C00E884AA /* UIViewExtensions.swift */,
				1D549D5F273F91F400E884AA /* UIImageView-Extension.swift */,
			);
			path = UIKitExtension;
			sourceTree = "<group>";
		};
		1D549D4D273F180600E884AA /* StoryBoard */ = {
			isa = PBXGroup;
			children = (
				1D549D50273F182700E884AA /* Detail.storyboard */,
			);
			path = StoryBoard;
			sourceTree = "<group>";
		};
		1D549D52273F7D4E00E884AA /* ViewModel */ = {
			isa = PBXGroup;
			children = (
				1D549D5C273F820500E884AA /* DetailViewModel.h */,
				1D549D5D273F820500E884AA /* DetailViewModel.m */,
				1D79D272273FD8D600EFB3D9 /* ClassifiedsViewModel.swift */,
			);
			path = ViewModel;
			sourceTree = "<group>";
		};
		1D549D67273F934B00E884AA /* ImageCacher */ = {
			isa = PBXGroup;
			children = (
				1D549D68273F934B00E884AA /* ImageCacher.h */,
				1D549D86273F93D100E884AA /* UIImageView+ImageCache.swift */,
				1D549D69273F934B00E884AA /* Info.plist */,
			);
			path = ImageCacher;
			sourceTree = "<group>";
		};
		1D549D74273F934C00E884AA /* ImageCacherTests */ = {
			isa = PBXGroup;
			children = (
				1D549D75273F934C00E884AA /* ImageCacherTests.swift */,
				1D549D77273F934C00E884AA /* Info.plist */,
			);
			path = ImageCacherTests;
			sourceTree = "<group>";
		};
		1D79D25A273FB99800EFB3D9 /* Supporting Files */ = {
			isa = PBXGroup;
			children = (
				1D549D02273EA87F00E884AA /* Info.plist */,
				1D549D49273F172F00E884AA /* Classifieds-Bridging-Header.h */,
				1D549CFD273EA87F00E884AA /* Assets.xcassets */,
				1D549D3F273EFEB100E884AA /* Color.xcassets */,
				1D79D25F273FB9C400EFB3D9 /* Localizable.strings */,
			);
			path = "Supporting Files";
			sourceTree = "<group>";
		};
		1D79D26F273FD73200EFB3D9 /* Model */ = {
			isa = PBXGroup;
			children = (
				1D79D280274000C600EFB3D9 /* Result.swift */,
				1D79D270273FD74500EFB3D9 /* Classified.swift */,
			);
			path = Model;
			sourceTree = "<group>";
		};
		1D79D274273FE24700EFB3D9 /* FoundationExtension */ = {
			isa = PBXGroup;
			children = (
				1D79D275273FE25A00EFB3D9 /* String-Extension.swift */,
			);
			path = FoundationExtension;
			sourceTree = "<group>";
		};
		1D79D27D273FFFD900EFB3D9 /* Loader */ = {
			isa = PBXGroup;
			children = (
				1D79D27E273FFFE900EFB3D9 /* ClassifiedsLoaderProtocol.swift */,
				1D79D282274000E800EFB3D9 /* ClassifiedsLoader.swift */,
			);
			path = Loader;
			sourceTree = "<group>";
		};
		1D79D2842740068C00EFB3D9 /* ServiceManager */ = {
			isa = PBXGroup;
			children = (
				1D79D2852740069A00EFB3D9 /* APIServiceProtocol.swift */,
				1D79D287274006AC00EFB3D9 /* ServiceManager.swift */,
			);
			path = ServiceManager;
			sourceTree = "<group>";
		};
		1D79D28927400FFF00EFB3D9 /* APIResponses */ = {
			isa = PBXGroup;
			children = (
				1D79D28A2740101100EFB3D9 /* ClassifiedsAPIResponse.swift */,
			);
			path = APIResponses;
			sourceTree = "<group>";
		};
/* End PBXGroup section */

/* Begin PBXHeadersBuildPhase section */
		1D549D61273F934B00E884AA /* Headers */ = {
			isa = PBXHeadersBuildPhase;
			buildActionMask = 2147483647;
			files = (
				1D549D78273F934C00E884AA /* ImageCacher.h in Headers */,
			);
			runOnlyForDeploymentPostprocessing = 0;
		};
/* End PBXHeadersBuildPhase section */

/* Begin PBXNativeTarget section */
		1D549CF0273EA87D00E884AA /* Classifieds */ = {
			isa = PBXNativeTarget;
			buildConfigurationList = 1D549D1B273EA87F00E884AA /* Build configuration list for PBXNativeTarget "Classifieds" */;
			buildPhases = (
				1D549CED273EA87D00E884AA /* Sources */,
				1D549CEE273EA87D00E884AA /* Frameworks */,
				1D549CEF273EA87D00E884AA /* Resources */,
				1D549D80273F934C00E884AA /* Embed Frameworks */,
			);
			buildRules = (
			);
			dependencies = (
				1D549D7A273F934C00E884AA /* PBXTargetDependency */,
			);
			name = Classifieds;
			productName = Classifieds;
			productReference = 1D549CF1273EA87D00E884AA /* Classifieds.app */;
			productType = "com.apple.product-type.application";
		};
		1D549D06273EA87F00E884AA /* ClassifiedsTests */ = {
			isa = PBXNativeTarget;
			buildConfigurationList = 1D549D1E273EA87F00E884AA /* Build configuration list for PBXNativeTarget "ClassifiedsTests" */;
			buildPhases = (
				1D549D03273EA87F00E884AA /* Sources */,
				1D549D04273EA87F00E884AA /* Frameworks */,
				1D549D05273EA87F00E884AA /* Resources */,
			);
			buildRules = (
			);
			dependencies = (
				1D549D09273EA87F00E884AA /* PBXTargetDependency */,
			);
			name = ClassifiedsTests;
			productName = ClassifiedsTests;
			productReference = 1D549D07273EA87F00E884AA /* ClassifiedsTests.xctest */;
			productType = "com.apple.product-type.bundle.unit-test";
		};
		1D549D65273F934B00E884AA /* ImageCacher */ = {
			isa = PBXNativeTarget;
			buildConfigurationList = 1D549D7D273F934C00E884AA /* Build configuration list for PBXNativeTarget "ImageCacher" */;
			buildPhases = (
				1D549D61273F934B00E884AA /* Headers */,
				1D549D62273F934B00E884AA /* Sources */,
				1D549D63273F934B00E884AA /* Frameworks */,
				1D549D64273F934B00E884AA /* Resources */,
			);
			buildRules = (
			);
			dependencies = (
			);
			name = ImageCacher;
			productName = ImageCacher;
			productReference = 1D549D66273F934B00E884AA /* ImageCacher.framework */;
			productType = "com.apple.product-type.framework";
		};
		1D549D6D273F934C00E884AA /* ImageCacherTests */ = {
			isa = PBXNativeTarget;
			buildConfigurationList = 1D549D81273F934C00E884AA /* Build configuration list for PBXNativeTarget "ImageCacherTests" */;
			buildPhases = (
				1D549D6A273F934C00E884AA /* Sources */,
				1D549D6B273F934C00E884AA /* Frameworks */,
				1D549D6C273F934C00E884AA /* Resources */,
			);
			buildRules = (
			);
			dependencies = (
				1D549D71273F934C00E884AA /* PBXTargetDependency */,
				1D549D73273F934C00E884AA /* PBXTargetDependency */,
			);
			name = ImageCacherTests;
			productName = ImageCacherTests;
			productReference = 1D549D6E273F934C00E884AA /* ImageCacherTests.xctest */;
			productType = "com.apple.product-type.bundle.unit-test";
		};
/* End PBXNativeTarget section */

/* Begin PBXProject section */
		1D549CE9273EA87D00E884AA /* Project object */ = {
			isa = PBXProject;
			attributes = {
				LastSwiftUpdateCheck = 1250;
				LastUpgradeCheck = 1250;
				TargetAttributes = {
					1D549CF0273EA87D00E884AA = {
						CreatedOnToolsVersion = 12.5.1;
						LastSwiftMigration = 1250;
					};
					1D549D06273EA87F00E884AA = {
						CreatedOnToolsVersion = 12.5.1;
						TestTargetID = 1D549CF0273EA87D00E884AA;
					};
					1D549D65273F934B00E884AA = {
						CreatedOnToolsVersion = 12.5.1;
						LastSwiftMigration = 1250;
					};
					1D549D6D273F934C00E884AA = {
						CreatedOnToolsVersion = 12.5.1;
						TestTargetID = 1D549CF0273EA87D00E884AA;
					};
				};
			};
			buildConfigurationList = 1D549CEC273EA87D00E884AA /* Build configuration list for PBXProject "Classifieds" */;
			compatibilityVersion = "Xcode 9.3";
			developmentRegion = en;
			hasScannedForEncodings = 0;
			knownRegions = (
				en,
				Base,
				ar,
			);
			mainGroup = 1D549CE8273EA87D00E884AA;
			productRefGroup = 1D549CF2273EA87D00E884AA /* Products */;
			projectDirPath = "";
			projectRoot = "";
			targets = (
				1D549CF0273EA87D00E884AA /* Classifieds */,
				1D549D06273EA87F00E884AA /* ClassifiedsTests */,
				1D549D65273F934B00E884AA /* ImageCacher */,
				1D549D6D273F934C00E884AA /* ImageCacherTests */,
			);
		};
/* End PBXProject section */

/* Begin PBXResourcesBuildPhase section */
		1D549CEF273EA87D00E884AA /* Resources */ = {
			isa = PBXResourcesBuildPhase;
			buildActionMask = 2147483647;
			files = (
				1D549D35273EFBF000E884AA /* quicksand.ttf in Resources */,
				1D549D2A273EC85000E884AA /* ClassifiedListCell.xib in Resources */,
				1D549D40273EFEB100E884AA /* Color.xcassets in Resources */,
				1D549D01273EA87F00E884AA /* LaunchScreen.storyboard in Resources */,
				1D79D25D273FB9C400EFB3D9 /* Localizable.strings in Resources */,
				1D549CFE273EA87F00E884AA /* Assets.xcassets in Resources */,
				1D549D51273F182700E884AA /* Detail.storyboard in Resources */,
			);
			runOnlyForDeploymentPostprocessing = 0;
		};
		1D549D05273EA87F00E884AA /* Resources */ = {
			isa = PBXResourcesBuildPhase;
			buildActionMask = 2147483647;
			files = (
			);
			runOnlyForDeploymentPostprocessing = 0;
		};
		1D549D64273F934B00E884AA /* Resources */ = {
			isa = PBXResourcesBuildPhase;
			buildActionMask = 2147483647;
			files = (
			);
			runOnlyForDeploymentPostprocessing = 0;
		};
		1D549D6C273F934C00E884AA /* Resources */ = {
			isa = PBXResourcesBuildPhase;
			buildActionMask = 2147483647;
			files = (
			);
			runOnlyForDeploymentPostprocessing = 0;
		};
/* End PBXResourcesBuildPhase section */

/* Begin PBXSourcesBuildPhase section */
		1D549CED273EA87D00E884AA /* Sources */ = {
			isa = PBXSourcesBuildPhase;
			buildActionMask = 2147483647;
			files = (
				1D79D2862740069A00EFB3D9 /* APIServiceProtocol.swift in Sources */,
				1D549CF5273EA87D00E884AA /* AppDelegate.swift in Sources */,
				1D549D5E273F820500E884AA /* DetailViewModel.m in Sources */,
				1D549D42273F039C00E884AA /* UIViewExtensions.swift in Sources */,
				1D549D3E273EFE6F00E884AA /* UIColor-Extension.swift in Sources */,
				1D79D283274000E800EFB3D9 /* ClassifiedsLoader.swift in Sources */,
				1D79D28B2740101100EFB3D9 /* ClassifiedsAPIResponse.swift in Sources */,
				1D549D4C273F172F00E884AA /* DetailViewController.m in Sources */,
				1D549D38273EFC7700E884AA /* CFont.swift in Sources */,
				1D79D281274000C600EFB3D9 /* Result.swift in Sources */,
				1D549CF7273EA87D00E884AA /* SceneDelegate.swift in Sources */,
				1D79D273273FD8D600EFB3D9 /* ClassifiedsViewModel.swift in Sources */,
				1D549D29273EC85000E884AA /* ClassifiedListCell.swift in Sources */,
				1D79D276273FE25A00EFB3D9 /* String-Extension.swift in Sources */,
				1D79D27F273FFFE900EFB3D9 /* ClassifiedsLoaderProtocol.swift in Sources */,
				1D79D271273FD74500EFB3D9 /* Classified.swift in Sources */,
				1D549D60273F91F400E884AA /* UIImageView-Extension.swift in Sources */,
				1D549D25273EAD2900E884AA /* ClassifiedsViewController.swift in Sources */,
				1D79D288274006AC00EFB3D9 /* ServiceManager.swift in Sources */,
			);
			runOnlyForDeploymentPostprocessing = 0;
		};
		1D549D03273EA87F00E884AA /* Sources */ = {
			isa = PBXSourcesBuildPhase;
			buildActionMask = 2147483647;
			files = (
				1D549D0C273EA87F00E884AA /* ClassifiedsTests.swift in Sources */,
				1D79D28D27403A9E00EFB3D9 /* ClassifiedViewControllerTests.swift in Sources */,
			);
			runOnlyForDeploymentPostprocessing = 0;
		};
		1D549D62273F934B00E884AA /* Sources */ = {
			isa = PBXSourcesBuildPhase;
			buildActionMask = 2147483647;
			files = (
				1D549D87273F93D100E884AA /* UIImageView+ImageCache.swift in Sources */,
			);
			runOnlyForDeploymentPostprocessing = 0;
		};
		1D549D6A273F934C00E884AA /* Sources */ = {
			isa = PBXSourcesBuildPhase;
			buildActionMask = 2147483647;
			files = (
				1D549D76273F934C00E884AA /* ImageCacherTests.swift in Sources */,
			);
			runOnlyForDeploymentPostprocessing = 0;
		};
/* End PBXSourcesBuildPhase section */

/* Begin PBXTargetDependency section */
		1D549D09273EA87F00E884AA /* PBXTargetDependency */ = {
			isa = PBXTargetDependency;
			target = 1D549CF0273EA87D00E884AA /* Classifieds */;
			targetProxy = 1D549D08273EA87F00E884AA /* PBXContainerItemProxy */;
		};
		1D549D71273F934C00E884AA /* PBXTargetDependency */ = {
			isa = PBXTargetDependency;
			target = 1D549D65273F934B00E884AA /* ImageCacher */;
			targetProxy = 1D549D70273F934C00E884AA /* PBXContainerItemProxy */;
		};
		1D549D73273F934C00E884AA /* PBXTargetDependency */ = {
			isa = PBXTargetDependency;
			target = 1D549CF0273EA87D00E884AA /* Classifieds */;
			targetProxy = 1D549D72273F934C00E884AA /* PBXContainerItemProxy */;
		};
		1D549D7A273F934C00E884AA /* PBXTargetDependency */ = {
			isa = PBXTargetDependency;
			target = 1D549D65273F934B00E884AA /* ImageCacher */;
			targetProxy = 1D549D79273F934C00E884AA /* PBXContainerItemProxy */;
		};
/* End PBXTargetDependency section */

/* Begin PBXVariantGroup section */
		1D549CFF273EA87F00E884AA /* LaunchScreen.storyboard */ = {
			isa = PBXVariantGroup;
			children = (
				1D549D00273EA87F00E884AA /* Base */,
			);
			name = LaunchScreen.storyboard;
			sourceTree = "<group>";
		};
		1D79D25F273FB9C400EFB3D9 /* Localizable.strings */ = {
			isa = PBXVariantGroup;
			children = (
				1D79D25E273FB9C400EFB3D9 /* en */,
				1D79D260273FB9D400EFB3D9 /* ar */,
			);
			name = Localizable.strings;
			sourceTree = "<group>";
		};
/* End PBXVariantGroup section */

/* Begin XCBuildConfiguration section */
		1D549D19273EA87F00E884AA /* Debug */ = {
			isa = XCBuildConfiguration;
			buildSettings = {
				ALWAYS_SEARCH_USER_PATHS = NO;
				CLANG_ANALYZER_LOCALIZABILITY_NONLOCALIZED = YES;
				CLANG_ANALYZER_NONNULL = YES;
				CLANG_ANALYZER_NUMBER_OBJECT_CONVERSION = YES_AGGRESSIVE;
				CLANG_CXX_LANGUAGE_STANDARD = "gnu++14";
				CLANG_CXX_LIBRARY = "libc++";
				CLANG_ENABLE_MODULES = YES;
				CLANG_ENABLE_OBJC_ARC = YES;
				CLANG_ENABLE_OBJC_WEAK = YES;
				CLANG_WARN_BLOCK_CAPTURE_AUTORELEASING = YES;
				CLANG_WARN_BOOL_CONVERSION = YES;
				CLANG_WARN_COMMA = YES;
				CLANG_WARN_CONSTANT_CONVERSION = YES;
				CLANG_WARN_DEPRECATED_OBJC_IMPLEMENTATIONS = YES;
				CLANG_WARN_DIRECT_OBJC_ISA_USAGE = YES_ERROR;
				CLANG_WARN_DOCUMENTATION_COMMENTS = YES;
				CLANG_WARN_EMPTY_BODY = YES;
				CLANG_WARN_ENUM_CONVERSION = YES;
				CLANG_WARN_INFINITE_RECURSION = YES;
				CLANG_WARN_INT_CONVERSION = YES;
				CLANG_WARN_NON_LITERAL_NULL_CONVERSION = YES;
				CLANG_WARN_OBJC_IMPLICIT_RETAIN_SELF = YES;
				CLANG_WARN_OBJC_LITERAL_CONVERSION = YES;
				CLANG_WARN_OBJC_ROOT_CLASS = YES_ERROR;
				CLANG_WARN_QUOTED_INCLUDE_IN_FRAMEWORK_HEADER = YES;
				CLANG_WARN_RANGE_LOOP_ANALYSIS = YES;
				CLANG_WARN_STRICT_PROTOTYPES = YES;
				CLANG_WARN_SUSPICIOUS_MOVE = YES;
				CLANG_WARN_UNGUARDED_AVAILABILITY = YES_AGGRESSIVE;
				CLANG_WARN_UNREACHABLE_CODE = YES;
				CLANG_WARN__DUPLICATE_METHOD_MATCH = YES;
				COPY_PHASE_STRIP = NO;
				DEBUG_INFORMATION_FORMAT = dwarf;
				ENABLE_STRICT_OBJC_MSGSEND = YES;
				ENABLE_TESTABILITY = YES;
				GCC_C_LANGUAGE_STANDARD = gnu11;
				GCC_DYNAMIC_NO_PIC = NO;
				GCC_NO_COMMON_BLOCKS = YES;
				GCC_OPTIMIZATION_LEVEL = 0;
				GCC_PREPROCESSOR_DEFINITIONS = (
					"DEBUG=1",
					"$(inherited)",
				);
				GCC_WARN_64_TO_32_BIT_CONVERSION = YES;
				GCC_WARN_ABOUT_RETURN_TYPE = YES_ERROR;
				GCC_WARN_UNDECLARED_SELECTOR = YES;
				GCC_WARN_UNINITIALIZED_AUTOS = YES_AGGRESSIVE;
				GCC_WARN_UNUSED_FUNCTION = YES;
				GCC_WARN_UNUSED_VARIABLE = YES;
				IPHONEOS_DEPLOYMENT_TARGET = 14.5;
				MTL_ENABLE_DEBUG_INFO = INCLUDE_SOURCE;
				MTL_FAST_MATH = YES;
				ONLY_ACTIVE_ARCH = YES;
				SDKROOT = iphoneos;
				SWIFT_ACTIVE_COMPILATION_CONDITIONS = DEBUG;
				SWIFT_OPTIMIZATION_LEVEL = "-Onone";
			};
			name = Debug;
		};
		1D549D1A273EA87F00E884AA /* Release */ = {
			isa = XCBuildConfiguration;
			buildSettings = {
				ALWAYS_SEARCH_USER_PATHS = NO;
				CLANG_ANALYZER_LOCALIZABILITY_NONLOCALIZED = YES;
				CLANG_ANALYZER_NONNULL = YES;
				CLANG_ANALYZER_NUMBER_OBJECT_CONVERSION = YES_AGGRESSIVE;
				CLANG_CXX_LANGUAGE_STANDARD = "gnu++14";
				CLANG_CXX_LIBRARY = "libc++";
				CLANG_ENABLE_MODULES = YES;
				CLANG_ENABLE_OBJC_ARC = YES;
				CLANG_ENABLE_OBJC_WEAK = YES;
				CLANG_WARN_BLOCK_CAPTURE_AUTORELEASING = YES;
				CLANG_WARN_BOOL_CONVERSION = YES;
				CLANG_WARN_COMMA = YES;
				CLANG_WARN_CONSTANT_CONVERSION = YES;
				CLANG_WARN_DEPRECATED_OBJC_IMPLEMENTATIONS = YES;
				CLANG_WARN_DIRECT_OBJC_ISA_USAGE = YES_ERROR;
				CLANG_WARN_DOCUMENTATION_COMMENTS = YES;
				CLANG_WARN_EMPTY_BODY = YES;
				CLANG_WARN_ENUM_CONVERSION = YES;
				CLANG_WARN_INFINITE_RECURSION = YES;
				CLANG_WARN_INT_CONVERSION = YES;
				CLANG_WARN_NON_LITERAL_NULL_CONVERSION = YES;
				CLANG_WARN_OBJC_IMPLICIT_RETAIN_SELF = YES;
				CLANG_WARN_OBJC_LITERAL_CONVERSION = YES;
				CLANG_WARN_OBJC_ROOT_CLASS = YES_ERROR;
				CLANG_WARN_QUOTED_INCLUDE_IN_FRAMEWORK_HEADER = YES;
				CLANG_WARN_RANGE_LOOP_ANALYSIS = YES;
				CLANG_WARN_STRICT_PROTOTYPES = YES;
				CLANG_WARN_SUSPICIOUS_MOVE = YES;
				CLANG_WARN_UNGUARDED_AVAILABILITY = YES_AGGRESSIVE;
				CLANG_WARN_UNREACHABLE_CODE = YES;
				CLANG_WARN__DUPLICATE_METHOD_MATCH = YES;
				COPY_PHASE_STRIP = NO;
				DEBUG_INFORMATION_FORMAT = "dwarf-with-dsym";
				ENABLE_NS_ASSERTIONS = NO;
				ENABLE_STRICT_OBJC_MSGSEND = YES;
				GCC_C_LANGUAGE_STANDARD = gnu11;
				GCC_NO_COMMON_BLOCKS = YES;
				GCC_WARN_64_TO_32_BIT_CONVERSION = YES;
				GCC_WARN_ABOUT_RETURN_TYPE = YES_ERROR;
				GCC_WARN_UNDECLARED_SELECTOR = YES;
				GCC_WARN_UNINITIALIZED_AUTOS = YES_AGGRESSIVE;
				GCC_WARN_UNUSED_FUNCTION = YES;
				GCC_WARN_UNUSED_VARIABLE = YES;
				IPHONEOS_DEPLOYMENT_TARGET = 14.5;
				MTL_ENABLE_DEBUG_INFO = NO;
				MTL_FAST_MATH = YES;
				SDKROOT = iphoneos;
				SWIFT_COMPILATION_MODE = wholemodule;
				SWIFT_OPTIMIZATION_LEVEL = "-O";
				VALIDATE_PRODUCT = YES;
			};
			name = Release;
		};
		1D549D1C273EA87F00E884AA /* Debug */ = {
			isa = XCBuildConfiguration;
			buildSettings = {
				ALWAYS_EMBED_SWIFT_STANDARD_LIBRARIES = YES;
				ASSETCATALOG_COMPILER_APPICON_NAME = AppIcon;
				ASSETCATALOG_COMPILER_GLOBAL_ACCENT_COLOR_NAME = AccentColor;
				CLANG_ENABLE_MODULES = YES;
				CODE_SIGN_STYLE = Automatic;
				INFOPLIST_FILE = "Classifieds/Supporting Files/Info.plist";
				IPHONEOS_DEPLOYMENT_TARGET = 14.0;
				LD_RUNPATH_SEARCH_PATHS = (
					"$(inherited)",
					"@executable_path/Frameworks",
				);
				PRODUCT_BUNDLE_IDENTIFIER = com.dubizzle.Classifieds;
				PRODUCT_NAME = "$(TARGET_NAME)";
				SWIFT_OBJC_BRIDGING_HEADER = "Classifieds/Supporting Files/Classifieds-Bridging-Header.h";
				SWIFT_OPTIMIZATION_LEVEL = "-Onone";
				SWIFT_VERSION = 5.0;
				TARGETED_DEVICE_FAMILY = 1;
			};
			name = Debug;
		};
		1D549D1D273EA87F00E884AA /* Release */ = {
			isa = XCBuildConfiguration;
			buildSettings = {
				ALWAYS_EMBED_SWIFT_STANDARD_LIBRARIES = YES;
				ASSETCATALOG_COMPILER_APPICON_NAME = AppIcon;
				ASSETCATALOG_COMPILER_GLOBAL_ACCENT_COLOR_NAME = AccentColor;
				CLANG_ENABLE_MODULES = YES;
				CODE_SIGN_STYLE = Automatic;
				INFOPLIST_FILE = "Classifieds/Supporting Files/Info.plist";
				IPHONEOS_DEPLOYMENT_TARGET = 14.0;
				LD_RUNPATH_SEARCH_PATHS = (
					"$(inherited)",
					"@executable_path/Frameworks",
				);
				PRODUCT_BUNDLE_IDENTIFIER = com.dubizzle.Classifieds;
				PRODUCT_NAME = "$(TARGET_NAME)";
				SWIFT_OBJC_BRIDGING_HEADER = "Classifieds/Supporting Files/Classifieds-Bridging-Header.h";
				SWIFT_VERSION = 5.0;
				TARGETED_DEVICE_FAMILY = 1;
			};
			name = Release;
		};
		1D549D1F273EA87F00E884AA /* Debug */ = {
			isa = XCBuildConfiguration;
			buildSettings = {
				ALWAYS_EMBED_SWIFT_STANDARD_LIBRARIES = YES;
				BUNDLE_LOADER = "$(TEST_HOST)";
				CODE_SIGN_STYLE = Automatic;
				INFOPLIST_FILE = ClassifiedsTests/Info.plist;
				IPHONEOS_DEPLOYMENT_TARGET = 14.5;
				LD_RUNPATH_SEARCH_PATHS = (
					"$(inherited)",
					"@executable_path/Frameworks",
					"@loader_path/Frameworks",
				);
				PRODUCT_BUNDLE_IDENTIFIER = com.dubizzle.ClassifiedsTests;
				PRODUCT_NAME = "$(TARGET_NAME)";
				SWIFT_VERSION = 5.0;
				TARGETED_DEVICE_FAMILY = "1,2";
				TEST_HOST = "$(BUILT_PRODUCTS_DIR)/Classifieds.app/Classifieds";
			};
			name = Debug;
		};
		1D549D20273EA87F00E884AA /* Release */ = {
			isa = XCBuildConfiguration;
			buildSettings = {
				ALWAYS_EMBED_SWIFT_STANDARD_LIBRARIES = YES;
				BUNDLE_LOADER = "$(TEST_HOST)";
				CODE_SIGN_STYLE = Automatic;
				INFOPLIST_FILE = ClassifiedsTests/Info.plist;
				IPHONEOS_DEPLOYMENT_TARGET = 14.5;
				LD_RUNPATH_SEARCH_PATHS = (
					"$(inherited)",
					"@executable_path/Frameworks",
					"@loader_path/Frameworks",
				);
				PRODUCT_BUNDLE_IDENTIFIER = com.dubizzle.ClassifiedsTests;
				PRODUCT_NAME = "$(TARGET_NAME)";
				SWIFT_VERSION = 5.0;
				TARGETED_DEVICE_FAMILY = "1,2";
				TEST_HOST = "$(BUILT_PRODUCTS_DIR)/Classifieds.app/Classifieds";
			};
			name = Release;
		};
		1D549D7E273F934C00E884AA /* Debug */ = {
			isa = XCBuildConfiguration;
			buildSettings = {
				CLANG_ENABLE_MODULES = YES;
				CODE_SIGN_STYLE = Automatic;
				CURRENT_PROJECT_VERSION = 1;
				DEFINES_MODULE = YES;
				DYLIB_COMPATIBILITY_VERSION = 1;
				DYLIB_CURRENT_VERSION = 1;
				DYLIB_INSTALL_NAME_BASE = "@rpath";
				INFOPLIST_FILE = ImageCacher/Info.plist;
				INSTALL_PATH = "$(LOCAL_LIBRARY_DIR)/Frameworks";
				IPHONEOS_DEPLOYMENT_TARGET = 14.0;
				LD_RUNPATH_SEARCH_PATHS = (
					"$(inherited)",
					"@executable_path/Frameworks",
					"@loader_path/Frameworks",
				);
				PRODUCT_BUNDLE_IDENTIFIER = com.dubizzle.ImageCacher;
				PRODUCT_NAME = "$(TARGET_NAME:c99extidentifier)";
				SKIP_INSTALL = YES;
				SUPPORTS_MACCATALYST = NO;
				SWIFT_OPTIMIZATION_LEVEL = "-Onone";
				SWIFT_VERSION = 5.0;
				TARGETED_DEVICE_FAMILY = 1;
				VERSIONING_SYSTEM = "apple-generic";
				VERSION_INFO_PREFIX = "";
			};
			name = Debug;
		};
		1D549D7F273F934C00E884AA /* Release */ = {
			isa = XCBuildConfiguration;
			buildSettings = {
				CLANG_ENABLE_MODULES = YES;
				CODE_SIGN_STYLE = Automatic;
				CURRENT_PROJECT_VERSION = 1;
				DEFINES_MODULE = YES;
				DYLIB_COMPATIBILITY_VERSION = 1;
				DYLIB_CURRENT_VERSION = 1;
				DYLIB_INSTALL_NAME_BASE = "@rpath";
				INFOPLIST_FILE = ImageCacher/Info.plist;
				INSTALL_PATH = "$(LOCAL_LIBRARY_DIR)/Frameworks";
				IPHONEOS_DEPLOYMENT_TARGET = 14.0;
				LD_RUNPATH_SEARCH_PATHS = (
					"$(inherited)",
					"@executable_path/Frameworks",
					"@loader_path/Frameworks",
				);
				PRODUCT_BUNDLE_IDENTIFIER = com.dubizzle.ImageCacher;
				PRODUCT_NAME = "$(TARGET_NAME:c99extidentifier)";
				SKIP_INSTALL = YES;
				SUPPORTS_MACCATALYST = NO;
				SWIFT_VERSION = 5.0;
				TARGETED_DEVICE_FAMILY = 1;
				VERSIONING_SYSTEM = "apple-generic";
				VERSION_INFO_PREFIX = "";
			};
			name = Release;
		};
		1D549D82273F934C00E884AA /* Debug */ = {
			isa = XCBuildConfiguration;
			buildSettings = {
				ALWAYS_EMBED_SWIFT_STANDARD_LIBRARIES = YES;
				CODE_SIGN_STYLE = Automatic;
				INFOPLIST_FILE = ImageCacherTests/Info.plist;
				LD_RUNPATH_SEARCH_PATHS = (
					"$(inherited)",
					"@executable_path/Frameworks",
					"@loader_path/Frameworks",
				);
				PRODUCT_BUNDLE_IDENTIFIER = com.dubizzle.ImageCacherTests;
				PRODUCT_NAME = "$(TARGET_NAME)";
				SWIFT_VERSION = 5.0;
				TARGETED_DEVICE_FAMILY = "1,2";
				TEST_HOST = "$(BUILT_PRODUCTS_DIR)/Classifieds.app/Classifieds";
			};
			name = Debug;
		};
		1D549D83273F934C00E884AA /* Release */ = {
			isa = XCBuildConfiguration;
			buildSettings = {
				ALWAYS_EMBED_SWIFT_STANDARD_LIBRARIES = YES;
				CODE_SIGN_STYLE = Automatic;
				INFOPLIST_FILE = ImageCacherTests/Info.plist;
				LD_RUNPATH_SEARCH_PATHS = (
					"$(inherited)",
					"@executable_path/Frameworks",
					"@loader_path/Frameworks",
				);
				PRODUCT_BUNDLE_IDENTIFIER = com.dubizzle.ImageCacherTests;
				PRODUCT_NAME = "$(TARGET_NAME)";
				SWIFT_VERSION = 5.0;
				TARGETED_DEVICE_FAMILY = "1,2";
				TEST_HOST = "$(BUILT_PRODUCTS_DIR)/Classifieds.app/Classifieds";
			};
			name = Release;
		};
/* End XCBuildConfiguration section */

/* Begin XCConfigurationList section */
		1D549CEC273EA87D00E884AA /* Build configuration list for PBXProject "Classifieds" */ = {
			isa = XCConfigurationList;
			buildConfigurations = (
				1D549D19273EA87F00E884AA /* Debug */,
				1D549D1A273EA87F00E884AA /* Release */,
			);
			defaultConfigurationIsVisible = 0;
			defaultConfigurationName = Release;
		};
		1D549D1B273EA87F00E884AA /* Build configuration list for PBXNativeTarget "Classifieds" */ = {
			isa = XCConfigurationList;
			buildConfigurations = (
				1D549D1C273EA87F00E884AA /* Debug */,
				1D549D1D273EA87F00E884AA /* Release */,
			);
			defaultConfigurationIsVisible = 0;
			defaultConfigurationName = Release;
		};
		1D549D1E273EA87F00E884AA /* Build configuration list for PBXNativeTarget "ClassifiedsTests" */ = {
			isa = XCConfigurationList;
			buildConfigurations = (
				1D549D1F273EA87F00E884AA /* Debug */,
				1D549D20273EA87F00E884AA /* Release */,
			);
			defaultConfigurationIsVisible = 0;
			defaultConfigurationName = Release;
		};
		1D549D7D273F934C00E884AA /* Build configuration list for PBXNativeTarget "ImageCacher" */ = {
			isa = XCConfigurationList;
			buildConfigurations = (
				1D549D7E273F934C00E884AA /* Debug */,
				1D549D7F273F934C00E884AA /* Release */,
			);
			defaultConfigurationIsVisible = 0;
			defaultConfigurationName = Release;
		};
		1D549D81273F934C00E884AA /* Build configuration list for PBXNativeTarget "ImageCacherTests" */ = {
			isa = XCConfigurationList;
			buildConfigurations = (
				1D549D82273F934C00E884AA /* Debug */,
				1D549D83273F934C00E884AA /* Release */,
			);
			defaultConfigurationIsVisible = 0;
			defaultConfigurationName = Release;
		};
/* End XCConfigurationList section */
	};
	rootObject = 1D549CE9273EA87D00E884AA /* Project object */;
}
